
Microsoft Visual Studio Solution File, Format Version 12.00
# Visual Studio Version 16
VisualStudioVersion = 16.0.31129.286
MinimumVisualStudioVersion = 10.0.40219.1
Project("{FAE04EC0-301F-11D3-BF4B-00C04F79EFBC}") = "CatalogService", "CatalogService\CatalogService.csproj", "{032DE4A0-123C-48F4-9EBC-34550E096381}"
EndProject
Project("{00D1A9C2-B5F0-4AF3-8072-F6C62B433612}") = "Database", "Database\Database.sqlproj", "{B3DCEC75-FB9A-4A66-956B-086B89AA917A}"
EndProject
Project("{FAE04EC0-301F-11D3-BF4B-00C04F79EFBC}") = "Client", "Client\Client.csproj", "{7DBC77D0-F361-4C87-8B29-D9C651A4D88E}"
EndProject
Global
	GlobalSection(SolutionConfigurationPlatforms) = preSolution
		Debug|Any CPU = Debug|Any CPU
		Release|Any CPU = Release|Any CPU
	EndGlobalSection
	GlobalSection(ProjectConfigurationPlatforms) = postSolution
		{032DE4A0-123C-48F4-9EBC-34550E096381}.Debug|Any CPU.ActiveCfg = Debug|Any CPU
		{032DE4A0-123C-48F4-9EBC-34550E096381}.Debug|Any CPU.Build.0 = Debug|Any CPU
		{032DE4A0-123C-48F4-9EBC-34550E096381}.Release|Any CPU.ActiveCfg = Release|Any CPU
		{032DE4A0-123C-48F4-9EBC-34550E096381}.Release|Any CPU.Build.0 = Release|Any CPU
		{B3DCEC75-FB9A-4A66-956B-086B89AA917A}.Debug|Any CPU.ActiveCfg = Debug|Any CPU
		{B3DCEC75-FB9A-4A66-956B-086B89AA917A}.Debug|Any CPU.Build.0 = Debug|Any CPU
		{B3DCEC75-FB9A-4A66-956B-086B89AA917A}.Debug|Any CPU.Deploy.0 = Debug|Any CPU
		{B3DCEC75-FB9A-4A66-956B-086B89AA917A}.Release|Any CPU.ActiveCfg = Release|Any CPU
		{B3DCEC75-FB9A-4A66-956B-086B89AA917A}.Release|Any CPU.Build.0 = Release|Any CPU
		{B3DCEC75-FB9A-4A66-956B-086B89AA917A}.Release|Any CPU.Deploy.0 = Release|Any CPU
		{7DBC77D0-F361-4C87-8B29-D9C651A4D88E}.Debug|Any CPU.ActiveCfg = Debug|Any CPU
		{7DBC77D0-F361-4C87-8B29-D9C651A4D88E}.Debug|Any CPU.Build.0 = Debug|Any CPU
		{7DBC77D0-F361-4C87-8B29-D9C651A4D88E}.Release|Any CPU.ActiveCfg = Release|Any CPU
		{7DBC77D0-F361-4C87-8B29-D9C651A4D88E}.Release|Any CPU.Build.0 = Release|Any CPU
	EndGlobalSection
	GlobalSection(SolutionProperties) = preSolution
		HideSolutionNode = FALSE
	EndGlobalSection
	GlobalSection(ExtensibilityGlobals) = postSolution
		SolutionGuid = {AB281B45-2D81-4317-BA10-682846477299}
	EndGlobalSection
EndGlobal
